
Microsoft Visual Studio Solution File, Format Version 12.00
# Visual Studio Version 17
VisualStudioVersion = 17.6.33606.364
MinimumVisualStudioVersion = 10.0.40219.1
Project("{9A19103F-16F7-4668-BE54-9A1E7A4F7556}") = "UI", "UI\UI.csproj", "{B5629EB1-FE1D-4396-9D5B-EE4C62846379}"
EndProject
Project("{9A19103F-16F7-4668-BE54-9A1E7A4F7556}") = "NeuralNetwork", "NeuralNetwork\NeuralNetwork.csproj", "{D8D72C50-084B-4B2E-B7B8-9B02CC85E457}"
EndProject
Project("{2150E333-8FDC-42A3-9474-1A3956D46DE8}") = "Solution Items", "Solution Items", "{9BB3B438-CF71-4071-918C-0F2FFB2F6569}"
	ProjectSection(SolutionItems) = preProject
		README.md = README.md
		screenshot.png = screenshot.png
	EndProjectSection
EndProject
Global
	GlobalSection(SolutionConfigurationPlatforms) = preSolution
		Debug|Any CPU = Debug|Any CPU
		Release|Any CPU = Release|Any CPU
	EndGlobalSection
	GlobalSection(ProjectConfigurationPlatforms) = postSolution
		{B5629EB1-FE1D-4396-9D5B-EE4C62846379}.Debug|Any CPU.ActiveCfg = Debug|Any CPU
		{B5629EB1-FE1D-4396-9D5B-EE4C62846379}.Debug|Any CPU.Build.0 = Debug|Any CPU
		{B5629EB1-FE1D-4396-9D5B-EE4C62846379}.Release|Any CPU.ActiveCfg = Release|Any CPU
		{B5629EB1-FE1D-4396-9D5B-EE4C62846379}.Release|Any CPU.Build.0 = Release|Any CPU
		{D8D72C50-084B-4B2E-B7B8-9B02CC85E457}.Debug|Any CPU.ActiveCfg = Debug|Any CPU
		{D8D72C50-084B-4B2E-B7B8-9B02CC85E457}.Debug|Any CPU.Build.0 = Debug|Any CPU
		{D8D72C50-084B-4B2E-B7B8-9B02CC85E457}.Release|Any CPU.ActiveCfg = Release|Any CPU
		{D8D72C50-084B-4B2E-B7B8-9B02CC85E457}.Release|Any CPU.Build.0 = Release|Any CPU
	EndGlobalSection
	GlobalSection(SolutionProperties) = preSolution
		HideSolutionNode = FALSE
	EndGlobalSection
	GlobalSection(ExtensibilityGlobals) = postSolution
		SolutionGuid = {6CE1D08A-E2CA-426D-9267-3B044EAC0AF2}
	EndGlobalSection
EndGlobal
